
Microsoft Visual Studio Solution File, Format Version 12.00
# Visual Studio Version 17
VisualStudioVersion = 17.0.32014.148
MinimumVisualStudioVersion = 10.0.40219.1
Project("{FAE04EC0-301F-11D3-BF4B-00C04F79EFBC}") = "BlogApplication", "BlogApplication\BlogApplication.csproj", "{5442E303-644E-4EDB-A21F-B7C531C50FD0}"
EndProject
Global
	GlobalSection(SolutionConfigurationPlatforms) = preSolution
		Debug|Any CPU = Debug|Any CPU
		Release|Any CPU = Release|Any CPU
	EndGlobalSection
	GlobalSection(ProjectConfigurationPlatforms) = postSolution
		{5442E303-644E-4EDB-A21F-B7C531C50FD0}.Debug|Any CPU.ActiveCfg = Debug|Any CPU
		{5442E303-644E-4EDB-A21F-B7C531C50FD0}.Debug|Any CPU.Build.0 = Debug|Any CPU
		{5442E303-644E-4EDB-A21F-B7C531C50FD0}.Release|Any CPU.ActiveCfg = Release|Any CPU
		{5442E303-644E-4EDB-A21F-B7C531C50FD0}.Release|Any CPU.Build.0 = Release|Any CPU
	EndGlobalSection
	GlobalSection(SolutionProperties) = preSolution
		HideSolutionNode = FALSE
	EndGlobalSection
	GlobalSection(ExtensibilityGlobals) = postSolution
		SolutionGuid = {4DDF0EB9-87E1-4EA7-82B2-4FD291AC1E32}
	EndGlobalSection
EndGlobal
